
Microsoft Visual Studio Solution File, Format Version 12.00
# Visual Studio Version 17
VisualStudioVersion = 17.14.36623.8
MinimumVisualStudioVersion = 10.0.40219.1
Project("{FAE04EC0-301F-11D3-BF4B-00C04F79EFBC}") = "Anti Bunda Mole", "MauiApp1\Anti Bunda Mole.csproj", "{A2E97967-5E94-4F3B-A55A-35BA83F8E411}"
EndProject
Global
	GlobalSection(SolutionConfigurationPlatforms) = preSolution
		Debug|Any CPU = Debug|Any CPU
		Release|Any CPU = Release|Any CPU
	EndGlobalSection
	GlobalSection(ProjectConfigurationPlatforms) = postSolution
		{A2E97967-5E94-4F3B-A55A-35BA83F8E411}.Debug|Any CPU.ActiveCfg = Debug|Any CPU
		{A2E97967-5E94-4F3B-A55A-35BA83F8E411}.Debug|Any CPU.Build.0 = Debug|Any CPU
		{A2E97967-5E94-4F3B-A55A-35BA83F8E411}.Debug|Any CPU.Deploy.0 = Debug|Any CPU
		{A2E97967-5E94-4F3B-A55A-35BA83F8E411}.Release|Any CPU.ActiveCfg = Release|Any CPU
		{A2E97967-5E94-4F3B-A55A-35BA83F8E411}.Release|Any CPU.Build.0 = Release|Any CPU
		{A2E97967-5E94-4F3B-A55A-35BA83F8E411}.Release|Any CPU.Deploy.0 = Release|Any CPU
	EndGlobalSection
	GlobalSection(SolutionProperties) = preSolution
		HideSolutionNode = FALSE
	EndGlobalSection
	GlobalSection(ExtensibilityGlobals) = postSolution
		SolutionGuid = {EEBD3349-F121-41CF-A01C-E65904FF575E}
	EndGlobalSection
EndGlobal
